
Microsoft Visual Studio Solution File, Format Version 12.00
# Visual Studio Version 17
VisualStudioVersion = 17.7.34221.43
MinimumVisualStudioVersion = 10.0.40219.1
Project("{9A19103F-16F7-4668-BE54-9A1E7A4F7556}") = "mandate.api", "mandate\mandate.api.csproj", "{03FFD620-69C9-4B30-8C53-29D26079E73A}"
EndProject
Project("{9A19103F-16F7-4668-BE54-9A1E7A4F7556}") = "mandate.Domain", "mandate.Domain\mandate.Domain.csproj", "{5B82768C-182D-489C-8BDC-E8505B2CEA91}"
EndProject
Project("{9A19103F-16F7-4668-BE54-9A1E7A4F7556}") = "mandate.Application", "mandate.Application\mandate.Application.csproj", "{2987FDA8-D6E1-41BC-99E7-8639CAAF4B7D}"
EndProject
Project("{9A19103F-16F7-4668-BE54-9A1E7A4F7556}") = "mandate.Infrastructure", "mandate.Infrastructure\mandate.Infrastructure.csproj", "{3AE0E378-6488-415C-BC02-78F8A3FE3367}"
EndProject
Project("{2150E333-8FDC-42A3-9474-1A3956D46DE8}") = "Share", "Share", "{92DD6941-8080-4EC8-9647-72DBA637ADB8}"
EndProject
Project("{FAE04EC0-301F-11D3-BF4B-00C04F79EFBC}") = "mandate.Helper", "mandate.Helper\mandate.Helper.csproj", "{B1BCFCBE-F1B4-4FCC-A757-5C698A44429B}"
EndProject
Global
	GlobalSection(SolutionConfigurationPlatforms) = preSolution
		Debug|Any CPU = Debug|Any CPU
		Release|Any CPU = Release|Any CPU
	EndGlobalSection
	GlobalSection(ProjectConfigurationPlatforms) = postSolution
		{03FFD620-69C9-4B30-8C53-29D26079E73A}.Debug|Any CPU.ActiveCfg = Debug|Any CPU
		{03FFD620-69C9-4B30-8C53-29D26079E73A}.Debug|Any CPU.Build.0 = Debug|Any CPU
		{03FFD620-69C9-4B30-8C53-29D26079E73A}.Release|Any CPU.ActiveCfg = Release|Any CPU
		{03FFD620-69C9-4B30-8C53-29D26079E73A}.Release|Any CPU.Build.0 = Release|Any CPU
		{5B82768C-182D-489C-8BDC-E8505B2CEA91}.Debug|Any CPU.ActiveCfg = Debug|Any CPU
		{5B82768C-182D-489C-8BDC-E8505B2CEA91}.Debug|Any CPU.Build.0 = Debug|Any CPU
		{5B82768C-182D-489C-8BDC-E8505B2CEA91}.Release|Any CPU.ActiveCfg = Release|Any CPU
		{5B82768C-182D-489C-8BDC-E8505B2CEA91}.Release|Any CPU.Build.0 = Release|Any CPU
		{2987FDA8-D6E1-41BC-99E7-8639CAAF4B7D}.Debug|Any CPU.ActiveCfg = Debug|Any CPU
		{2987FDA8-D6E1-41BC-99E7-8639CAAF4B7D}.Debug|Any CPU.Build.0 = Debug|Any CPU
		{2987FDA8-D6E1-41BC-99E7-8639CAAF4B7D}.Release|Any CPU.ActiveCfg = Release|Any CPU
		{2987FDA8-D6E1-41BC-99E7-8639CAAF4B7D}.Release|Any CPU.Build.0 = Release|Any CPU
		{3AE0E378-6488-415C-BC02-78F8A3FE3367}.Debug|Any CPU.ActiveCfg = Debug|Any CPU
		{3AE0E378-6488-415C-BC02-78F8A3FE3367}.Debug|Any CPU.Build.0 = Debug|Any CPU
		{3AE0E378-6488-415C-BC02-78F8A3FE3367}.Release|Any CPU.ActiveCfg = Release|Any CPU
		{3AE0E378-6488-415C-BC02-78F8A3FE3367}.Release|Any CPU.Build.0 = Release|Any CPU
		{B1BCFCBE-F1B4-4FCC-A757-5C698A44429B}.Debug|Any CPU.ActiveCfg = Debug|Any CPU
		{B1BCFCBE-F1B4-4FCC-A757-5C698A44429B}.Debug|Any CPU.Build.0 = Debug|Any CPU
		{B1BCFCBE-F1B4-4FCC-A757-5C698A44429B}.Release|Any CPU.ActiveCfg = Release|Any CPU
		{B1BCFCBE-F1B4-4FCC-A757-5C698A44429B}.Release|Any CPU.Build.0 = Release|Any CPU
	EndGlobalSection
	GlobalSection(SolutionProperties) = preSolution
		HideSolutionNode = FALSE
	EndGlobalSection
	GlobalSection(NestedProjects) = preSolution
		{B1BCFCBE-F1B4-4FCC-A757-5C698A44429B} = {92DD6941-8080-4EC8-9647-72DBA637ADB8}
	EndGlobalSection
	GlobalSection(ExtensibilityGlobals) = postSolution
		SolutionGuid = {240F282E-8C7B-49AF-AFC3-71C5BF11866D}
	EndGlobalSection
EndGlobal
